
Microsoft Visual Studio Solution File, Format Version 12.00
# Visual Studio Version 17
VisualStudioVersion = 17.2.32526.322
MinimumVisualStudioVersion = 10.0.40219.1
Project("{FAE04EC0-301F-11D3-BF4B-00C04F79EFBC}") = "Exercicio_1", "Exercicio_1\Exercicio_1.csproj", "{931B347E-0CBE-4F65-9A7D-509DE1E55277}"
EndProject
Global
	GlobalSection(SolutionConfigurationPlatforms) = preSolution
		Debug|Any CPU = Debug|Any CPU
		Release|Any CPU = Release|Any CPU
	EndGlobalSection
	GlobalSection(ProjectConfigurationPlatforms) = postSolution
		{931B347E-0CBE-4F65-9A7D-509DE1E55277}.Debug|Any CPU.ActiveCfg = Debug|Any CPU
		{931B347E-0CBE-4F65-9A7D-509DE1E55277}.Debug|Any CPU.Build.0 = Debug|Any CPU
		{931B347E-0CBE-4F65-9A7D-509DE1E55277}.Release|Any CPU.ActiveCfg = Release|Any CPU
		{931B347E-0CBE-4F65-9A7D-509DE1E55277}.Release|Any CPU.Build.0 = Release|Any CPU
	EndGlobalSection
	GlobalSection(SolutionProperties) = preSolution
		HideSolutionNode = FALSE
	EndGlobalSection
	GlobalSection(ExtensibilityGlobals) = postSolution
		SolutionGuid = {4C1CB553-8C77-4A31-B752-13AB5613D798}
	EndGlobalSection
EndGlobal
